
Microsoft Visual Studio Solution File, Format Version 12.00
# Visual Studio Version 16
VisualStudioVersion = 16.0.30320.27
MinimumVisualStudioVersion = 10.0.40219.1
Project("{FAE04EC0-301F-11D3-BF4B-00C04F79EFBC}") = "ComplexViews", "ComplexViews.csproj", "{EDECD2FC-53C2-4205-92AE-68BD1F92933A}"
EndProject
Global
	GlobalSection(SolutionConfigurationPlatforms) = preSolution
		Debug|Any CPU = Debug|Any CPU
		Release|Any CPU = Release|Any CPU
	EndGlobalSection
	GlobalSection(ProjectConfigurationPlatforms) = postSolution
		{EDECD2FC-53C2-4205-92AE-68BD1F92933A}.Debug|Any CPU.ActiveCfg = Debug|Any CPU
		{EDECD2FC-53C2-4205-92AE-68BD1F92933A}.Debug|Any CPU.Build.0 = Debug|Any CPU
		{EDECD2FC-53C2-4205-92AE-68BD1F92933A}.Release|Any CPU.ActiveCfg = Release|Any CPU
		{EDECD2FC-53C2-4205-92AE-68BD1F92933A}.Release|Any CPU.Build.0 = Release|Any CPU
	EndGlobalSection
	GlobalSection(SolutionProperties) = preSolution
		HideSolutionNode = FALSE
	EndGlobalSection
	GlobalSection(ExtensibilityGlobals) = postSolution
		SolutionGuid = {1414A2DC-8CBB-4808-80B2-E597104E9ABE}
	EndGlobalSection
EndGlobal
